
Microsoft Visual Studio Solution File, Format Version 12.00
# Visual Studio Version 17
VisualStudioVersion = 17.14.36908.2 d17.14
MinimumVisualStudioVersion = 10.0.40219.1
Project("{FAE04EC0-301F-11D3-BF4B-00C04F79EFBC}") = "laba7rpm3k.2", "laba7rpm3k.2.csproj", "{DD8FD5C1-0292-47B9-8C15-A3BE116AD38A}"
EndProject
Global
	GlobalSection(SolutionConfigurationPlatforms) = preSolution
		Debug|Any CPU = Debug|Any CPU
		Release|Any CPU = Release|Any CPU
	EndGlobalSection
	GlobalSection(ProjectConfigurationPlatforms) = postSolution
		{DD8FD5C1-0292-47B9-8C15-A3BE116AD38A}.Debug|Any CPU.ActiveCfg = Debug|Any CPU
		{DD8FD5C1-0292-47B9-8C15-A3BE116AD38A}.Debug|Any CPU.Build.0 = Debug|Any CPU
		{DD8FD5C1-0292-47B9-8C15-A3BE116AD38A}.Release|Any CPU.ActiveCfg = Release|Any CPU
		{DD8FD5C1-0292-47B9-8C15-A3BE116AD38A}.Release|Any CPU.Build.0 = Release|Any CPU
	EndGlobalSection
	GlobalSection(SolutionProperties) = preSolution
		HideSolutionNode = FALSE
	EndGlobalSection
	GlobalSection(ExtensibilityGlobals) = postSolution
		SolutionGuid = {61F00688-2388-416E-914C-875EF913BB77}
	EndGlobalSection
EndGlobal
